
Microsoft Visual Studio Solution File, Format Version 12.00
# Visual Studio 14
VisualStudioVersion = 14.0.23107.0
MinimumVisualStudioVersion = 10.0.40219.1
Project("{FAE04EC0-301F-11D3-BF4B-00C04F79EFBC}") = "MVCwithTDD", "MVCwithTDD\MVCwithTDD.csproj", "{9CB68166-73B1-4F89-8181-36FECEE24C23}"
EndProject
Project("{FAE04EC0-301F-11D3-BF4B-00C04F79EFBC}") = "MVCwithTDD.Tests", "MVCwithTDD.Tests\MVCwithTDD.Tests.csproj", "{6366CA06-2330-4FE9-BC15-741DBA634BB6}"
EndProject
Global
	GlobalSection(SolutionConfigurationPlatforms) = preSolution
		Debug|Any CPU = Debug|Any CPU
		Release|Any CPU = Release|Any CPU
	EndGlobalSection
	GlobalSection(ProjectConfigurationPlatforms) = postSolution
		{9CB68166-73B1-4F89-8181-36FECEE24C23}.Debug|Any CPU.ActiveCfg = Debug|Any CPU
		{9CB68166-73B1-4F89-8181-36FECEE24C23}.Debug|Any CPU.Build.0 = Debug|Any CPU
		{9CB68166-73B1-4F89-8181-36FECEE24C23}.Release|Any CPU.ActiveCfg = Release|Any CPU
		{9CB68166-73B1-4F89-8181-36FECEE24C23}.Release|Any CPU.Build.0 = Release|Any CPU
		{6366CA06-2330-4FE9-BC15-741DBA634BB6}.Debug|Any CPU.ActiveCfg = Debug|Any CPU
		{6366CA06-2330-4FE9-BC15-741DBA634BB6}.Debug|Any CPU.Build.0 = Debug|Any CPU
		{6366CA06-2330-4FE9-BC15-741DBA634BB6}.Release|Any CPU.ActiveCfg = Release|Any CPU
		{6366CA06-2330-4FE9-BC15-741DBA634BB6}.Release|Any CPU.Build.0 = Release|Any CPU
	EndGlobalSection
	GlobalSection(SolutionProperties) = preSolution
		HideSolutionNode = FALSE
	EndGlobalSection
EndGlobal
