
Microsoft Visual Studio Solution File, Format Version 12.00
# Visual Studio Version 17
VisualStudioVersion = 17.2.32526.322
MinimumVisualStudioVersion = 10.0.40219.1
Project("{FAE04EC0-301F-11D3-BF4B-00C04F79EFBC}") = "SpeakingClock", "SpeakingClock\SpeakingClock.csproj", "{C48F2104-F2A9-4403-A5D0-B3F63BB5AED8}"
EndProject
Project("{FAE04EC0-301F-11D3-BF4B-00C04F79EFBC}") = "SpeakingClock.Test", "SpeakingClock.Test\SpeakingClock.Test.csproj", "{DD874A2C-55A3-4706-A985-39F6D275AF39}"
EndProject
Global
	GlobalSection(SolutionConfigurationPlatforms) = preSolution
		Debug|Any CPU = Debug|Any CPU
		Release|Any CPU = Release|Any CPU
	EndGlobalSection
	GlobalSection(ProjectConfigurationPlatforms) = postSolution
		{C48F2104-F2A9-4403-A5D0-B3F63BB5AED8}.Debug|Any CPU.ActiveCfg = Debug|Any CPU
		{C48F2104-F2A9-4403-A5D0-B3F63BB5AED8}.Debug|Any CPU.Build.0 = Debug|Any CPU
		{C48F2104-F2A9-4403-A5D0-B3F63BB5AED8}.Release|Any CPU.ActiveCfg = Release|Any CPU
		{C48F2104-F2A9-4403-A5D0-B3F63BB5AED8}.Release|Any CPU.Build.0 = Release|Any CPU
		{DD874A2C-55A3-4706-A985-39F6D275AF39}.Debug|Any CPU.ActiveCfg = Debug|Any CPU
		{DD874A2C-55A3-4706-A985-39F6D275AF39}.Debug|Any CPU.Build.0 = Debug|Any CPU
		{DD874A2C-55A3-4706-A985-39F6D275AF39}.Release|Any CPU.ActiveCfg = Release|Any CPU
		{DD874A2C-55A3-4706-A985-39F6D275AF39}.Release|Any CPU.Build.0 = Release|Any CPU
	EndGlobalSection
	GlobalSection(SolutionProperties) = preSolution
		HideSolutionNode = FALSE
	EndGlobalSection
	GlobalSection(ExtensibilityGlobals) = postSolution
		SolutionGuid = {36EBA677-CD2B-4900-910E-C0417C28537E}
	EndGlobalSection
EndGlobal
